
Microsoft Visual Studio Solution File, Format Version 12.00
# Visual Studio Version 16
VisualStudioVersion = 16.0.31424.327
MinimumVisualStudioVersion = 10.0.40219.1
Project("{FAE04EC0-301F-11D3-BF4B-00C04F79EFBC}") = "Weather.api", "Weather.api\Weather.api.csproj", "{C7AD18F4-A575-4B63-BE36-FAE2D14C97DA}"
EndProject
Global
	GlobalSection(SolutionConfigurationPlatforms) = preSolution
		Debug|Any CPU = Debug|Any CPU
		Release|Any CPU = Release|Any CPU
	EndGlobalSection
	GlobalSection(ProjectConfigurationPlatforms) = postSolution
		{C7AD18F4-A575-4B63-BE36-FAE2D14C97DA}.Debug|Any CPU.ActiveCfg = Debug|Any CPU
		{C7AD18F4-A575-4B63-BE36-FAE2D14C97DA}.Debug|Any CPU.Build.0 = Debug|Any CPU
		{C7AD18F4-A575-4B63-BE36-FAE2D14C97DA}.Release|Any CPU.ActiveCfg = Release|Any CPU
		{C7AD18F4-A575-4B63-BE36-FAE2D14C97DA}.Release|Any CPU.Build.0 = Release|Any CPU
	EndGlobalSection
	GlobalSection(SolutionProperties) = preSolution
		HideSolutionNode = FALSE
	EndGlobalSection
	GlobalSection(ExtensibilityGlobals) = postSolution
		SolutionGuid = {C49DC174-452C-47E3-8AD3-D6BAA36B4E9F}
	EndGlobalSection
EndGlobal
